
Microsoft Visual Studio Solution File, Format Version 12.00
# Visual Studio Version 16
VisualStudioVersion = 16.0.29806.167
MinimumVisualStudioVersion = 10.0.40219.1
Project("{9A19103F-16F7-4668-BE54-9A1E7A4F7556}") = "Jacobi.Vst.Samples.Delay", "Jacobi.Vst.Samples.Delay\Jacobi.Vst.Samples.Delay.csproj", "{C27128D2-3E63-47D9-9AA0-8AF10DE26A7E}"
EndProject
Global
	GlobalSection(SolutionConfigurationPlatforms) = preSolution
		Debug|x64 = Debug|x64
		Debug|x86 = Debug|x86
		Release|x64 = Release|x64
		Release|x86 = Release|x86
	EndGlobalSection
	GlobalSection(ProjectConfigurationPlatforms) = postSolution
		{C27128D2-3E63-47D9-9AA0-8AF10DE26A7E}.Debug|x64.ActiveCfg = Debug|x64
		{C27128D2-3E63-47D9-9AA0-8AF10DE26A7E}.Debug|x64.Build.0 = Debug|x64
		{C27128D2-3E63-47D9-9AA0-8AF10DE26A7E}.Debug|x86.ActiveCfg = Debug|x86
		{C27128D2-3E63-47D9-9AA0-8AF10DE26A7E}.Debug|x86.Build.0 = Debug|x86
		{C27128D2-3E63-47D9-9AA0-8AF10DE26A7E}.Release|x64.ActiveCfg = Release|Any CPU
		{C27128D2-3E63-47D9-9AA0-8AF10DE26A7E}.Release|x64.Build.0 = Release|Any CPU
		{C27128D2-3E63-47D9-9AA0-8AF10DE26A7E}.Release|x86.ActiveCfg = Release|Any CPU
		{C27128D2-3E63-47D9-9AA0-8AF10DE26A7E}.Release|x86.Build.0 = Release|Any CPU
	EndGlobalSection
	GlobalSection(SolutionProperties) = preSolution
		HideSolutionNode = FALSE
	EndGlobalSection
	GlobalSection(ExtensibilityGlobals) = postSolution
		SolutionGuid = {AB4AE231-F911-4EE1-86F9-3DC7AE03C714}
	EndGlobalSection
EndGlobal
