
Microsoft Visual Studio Solution File, Format Version 10.00
# Visual Studio 2008
Project("{FAE04EC0-301F-11D3-BF4B-00C04F79EFBC}") = "Jacobi.Vst.Samples.CorePlugin", "Jacobi.Vst.Samples.CorePlugin\Jacobi.Vst.Samples.CorePlugin.csproj", "{C4648A9E-8512-4D6B-BD5B-35FBF5D0EE80}"
EndProject
Project("{FAE04EC0-301F-11D3-BF4B-00C04F79EFBC}") = "Jacobi.Vst.Samples.Delay", "Jacobi.Vst.Samples.Delay\Jacobi.Vst.Samples.Delay.csproj", "{81956924-2C19-478E-9FCC-8532B871DCCD}"
EndProject
Project("{FAE04EC0-301F-11D3-BF4B-00C04F79EFBC}") = "Jacobi.Vst.Samples.MidiNoteMapper", "Jacobi.Vst.Samples.MidiNoteMapper\Jacobi.Vst.Samples.MidiNoteMapper.csproj", "{9EA73A6E-92BF-4D4C-A5A0-34950230F48E}"
EndProject
Project("{FAE04EC0-301F-11D3-BF4B-00C04F79EFBC}") = "Jacobi.Vst.Samples.MidiNoteSampler", "Jacobi.Vst.Samples.MidiNoteSampler\Jacobi.Vst.Samples.MidiNoteSampler.csproj", "{5E27B599-75F6-476B-89A2-8C140F94529A}"
EndProject
Project("{2150E333-8FDC-42A3-9474-1A3956D46DE8}") = "Solution Items", "Solution Items", "{9A795875-D114-4961-B721-0D944D0761A8}"
	ProjectSection(SolutionItems) = preProject
		AssemblyInfo.Version.cs = AssemblyInfo.Version.cs
	EndProjectSection
EndProject
Project("{FAE04EC0-301F-11D3-BF4B-00C04F79EFBC}") = "Jacobi.Vst.Samples.Host", "Jacobi.Vst.Samples.Host\Jacobi.Vst.Samples.Host.csproj", "{B9963370-6AC6-4EFA-ABC3-02102ECF2EC2}"
EndProject
Global
	GlobalSection(TeamFoundationVersionControl) = preSolution
		SccNumberOfProjects = 6
		SccEnterpriseProvider = {4CA58AB2-18FA-4F8D-95D4-32DDF27D184C}
		SccTeamFoundationServer = https://tfs06.codeplex.com/
		SccLocalPath0 = .
		SccProjectUniqueName1 = Jacobi.Vst.Samples.CorePlugin\\Jacobi.Vst.Samples.CorePlugin.csproj
		SccProjectName1 = Jacobi.Vst.Samples.CorePlugin
		SccLocalPath1 = Jacobi.Vst.Samples.CorePlugin
		SccProjectUniqueName2 = Jacobi.Vst.Samples.Delay\\Jacobi.Vst.Samples.Delay.csproj
		SccProjectName2 = Jacobi.Vst.Samples.Delay
		SccLocalPath2 = Jacobi.Vst.Samples.Delay
		SccProjectUniqueName3 = Jacobi.Vst.Samples.MidiNoteMapper\\Jacobi.Vst.Samples.MidiNoteMapper.csproj
		SccProjectName3 = Jacobi.Vst.Samples.MidiNoteMapper
		SccLocalPath3 = Jacobi.Vst.Samples.MidiNoteMapper
		SccProjectUniqueName4 = Jacobi.Vst.Samples.MidiNoteSampler\\Jacobi.Vst.Samples.MidiNoteSampler.csproj
		SccProjectName4 = Jacobi.Vst.Samples.MidiNoteSampler
		SccLocalPath4 = Jacobi.Vst.Samples.MidiNoteSampler
		SccProjectUniqueName5 = Jacobi.Vst.Samples.Host\\Jacobi.Vst.Samples.Host.csproj
		SccProjectName5 = Jacobi.Vst.Samples.Host
		SccLocalPath5 = Jacobi.Vst.Samples.Host
	EndGlobalSection
	GlobalSection(SolutionConfigurationPlatforms) = preSolution
		Debug|Any CPU = Debug|Any CPU
		Release|Any CPU = Release|Any CPU
	EndGlobalSection
	GlobalSection(ProjectConfigurationPlatforms) = postSolution
		{C4648A9E-8512-4D6B-BD5B-35FBF5D0EE80}.Debug|Any CPU.ActiveCfg = Debug|Any CPU
		{C4648A9E-8512-4D6B-BD5B-35FBF5D0EE80}.Debug|Any CPU.Build.0 = Debug|Any CPU
		{C4648A9E-8512-4D6B-BD5B-35FBF5D0EE80}.Release|Any CPU.ActiveCfg = Release|Any CPU
		{C4648A9E-8512-4D6B-BD5B-35FBF5D0EE80}.Release|Any CPU.Build.0 = Release|Any CPU
		{81956924-2C19-478E-9FCC-8532B871DCCD}.Debug|Any CPU.ActiveCfg = Debug|Any CPU
		{81956924-2C19-478E-9FCC-8532B871DCCD}.Debug|Any CPU.Build.0 = Debug|Any CPU
		{81956924-2C19-478E-9FCC-8532B871DCCD}.Release|Any CPU.ActiveCfg = Release|Any CPU
		{81956924-2C19-478E-9FCC-8532B871DCCD}.Release|Any CPU.Build.0 = Release|Any CPU
		{9EA73A6E-92BF-4D4C-A5A0-34950230F48E}.Debug|Any CPU.ActiveCfg = Debug|Any CPU
		{9EA73A6E-92BF-4D4C-A5A0-34950230F48E}.Debug|Any CPU.Build.0 = Debug|Any CPU
		{9EA73A6E-92BF-4D4C-A5A0-34950230F48E}.Release|Any CPU.ActiveCfg = Release|Any CPU
		{9EA73A6E-92BF-4D4C-A5A0-34950230F48E}.Release|Any CPU.Build.0 = Release|Any CPU
		{5E27B599-75F6-476B-89A2-8C140F94529A}.Debug|Any CPU.ActiveCfg = Debug|Any CPU
		{5E27B599-75F6-476B-89A2-8C140F94529A}.Debug|Any CPU.Build.0 = Debug|Any CPU
		{5E27B599-75F6-476B-89A2-8C140F94529A}.Release|Any CPU.ActiveCfg = Release|Any CPU
		{5E27B599-75F6-476B-89A2-8C140F94529A}.Release|Any CPU.Build.0 = Release|Any CPU
		{B9963370-6AC6-4EFA-ABC3-02102ECF2EC2}.Debug|Any CPU.ActiveCfg = Debug|Any CPU
		{B9963370-6AC6-4EFA-ABC3-02102ECF2EC2}.Debug|Any CPU.Build.0 = Debug|Any CPU
		{B9963370-6AC6-4EFA-ABC3-02102ECF2EC2}.Release|Any CPU.ActiveCfg = Release|Any CPU
		{B9963370-6AC6-4EFA-ABC3-02102ECF2EC2}.Release|Any CPU.Build.0 = Release|Any CPU
	EndGlobalSection
	GlobalSection(SolutionProperties) = preSolution
		HideSolutionNode = FALSE
	EndGlobalSection
EndGlobal
