
Microsoft Visual Studio Solution File, Format Version 12.00
# Visual Studio Version 16
VisualStudioVersion = 16.0.29806.167
MinimumVisualStudioVersion = 10.0.40219.1
Project("{8BC9CEB8-8B4A-11D0-8D11-00A0C91BC942}") = "Jacobi.Vst.Interop", "Jacobi.Vst.Interop\Jacobi.Vst.Interop.vcxproj", "{D0F74CEF-3C71-4CD4-8963-2C408F59159B}"
	ProjectSection(ProjectDependencies) = postProject
		{045C7E3F-F200-43FE-9F7D-FEA7695D2E5F} = {045C7E3F-F200-43FE-9F7D-FEA7695D2E5F}
	EndProjectSection
EndProject
Project("{9A19103F-16F7-4668-BE54-9A1E7A4F7556}") = "Jacobi.Vst.Framework", "Jacobi.Vst.Framework\Jacobi.Vst.Framework.csproj", "{3B0AEBFB-5B0E-4D7E-A9A7-4ACB7F6A1AC3}"
	ProjectSection(ProjectDependencies) = postProject
		{045C7E3F-F200-43FE-9F7D-FEA7695D2E5F} = {045C7E3F-F200-43FE-9F7D-FEA7695D2E5F}
	EndProjectSection
EndProject
Project("{9A19103F-16F7-4668-BE54-9A1E7A4F7556}") = "Jacobi.Vst.UnitTest", "Jacobi.Vst.UnitTest\Jacobi.Vst.UnitTest.csproj", "{D7B622E6-A789-4BBB-B189-7C5A2E8FDF7C}"
EndProject
Project("{2150E333-8FDC-42A3-9474-1A3956D46DE8}") = "Solution Items", "Solution Items", "{78E1AA3A-44D0-4A1E-860A-0EF5048ED6F9}"
	ProjectSection(SolutionItems) = preProject
		buildall.cmd = buildall.cmd
		readme.md = readme.md
	EndProjectSection
EndProject
Project("{9A19103F-16F7-4668-BE54-9A1E7A4F7556}") = "Jacobi.Vst.Core", "Jacobi.Vst.Core\Jacobi.Vst.Core.csproj", "{045C7E3F-F200-43FE-9F7D-FEA7695D2E5F}"
EndProject
Project("{2150E333-8FDC-42A3-9474-1A3956D46DE8}") = "Deployment", "Deployment", "{7CBB90A0-0CBB-4380-AC6D-B9686CC17724}"
	ProjectSection(SolutionItems) = preProject
		Jacobi.Vst.Deployment\.gitignore = Jacobi.Vst.Deployment\.gitignore
		Jacobi.Vst.Deployment\pack.cmd = Jacobi.Vst.Deployment\pack.cmd
		Jacobi.Vst.Deployment\push-nuget.cmd = Jacobi.Vst.Deployment\push-nuget.cmd
		Jacobi.Vst.Deployment\push-test.cmd = Jacobi.Vst.Deployment\push-test.cmd
	EndProjectSection
EndProject
Project("{9A19103F-16F7-4668-BE54-9A1E7A4F7556}") = "Jacobi.Vst.CLI", "Jacobi.Vst.CLI\Jacobi.Vst.CLI.csproj", "{CFBE0FBA-4AFA-4F3C-8247-464463312CD9}"
EndProject
Project("{2150E333-8FDC-42A3-9474-1A3956D46DE8}") = "pack", "pack", "{4C377D18-37F2-4CB9-B96F-75781D7B1772}"
	ProjectSection(SolutionItems) = preProject
		Jacobi.Vst.Deployment\pack\VST.NET.nuspec = Jacobi.Vst.Deployment\pack\VST.NET.nuspec
	EndProjectSection
EndProject
Global
	GlobalSection(SolutionConfigurationPlatforms) = preSolution
		Debug|Any CPU = Debug|Any CPU
		Debug|x64 = Debug|x64
		Debug|x86 = Debug|x86
		Release|Any CPU = Release|Any CPU
		Release|x64 = Release|x64
		Release|x86 = Release|x86
	EndGlobalSection
	GlobalSection(ProjectConfigurationPlatforms) = postSolution
		{D0F74CEF-3C71-4CD4-8963-2C408F59159B}.Debug|Any CPU.ActiveCfg = Debug|Win32
		{D0F74CEF-3C71-4CD4-8963-2C408F59159B}.Debug|x64.ActiveCfg = Debug|x64
		{D0F74CEF-3C71-4CD4-8963-2C408F59159B}.Debug|x64.Build.0 = Debug|x64
		{D0F74CEF-3C71-4CD4-8963-2C408F59159B}.Debug|x86.ActiveCfg = Debug|Win32
		{D0F74CEF-3C71-4CD4-8963-2C408F59159B}.Debug|x86.Build.0 = Debug|Win32
		{D0F74CEF-3C71-4CD4-8963-2C408F59159B}.Release|Any CPU.ActiveCfg = Release|Win32
		{D0F74CEF-3C71-4CD4-8963-2C408F59159B}.Release|x64.ActiveCfg = Release|x64
		{D0F74CEF-3C71-4CD4-8963-2C408F59159B}.Release|x64.Build.0 = Release|x64
		{D0F74CEF-3C71-4CD4-8963-2C408F59159B}.Release|x86.ActiveCfg = Release|Win32
		{D0F74CEF-3C71-4CD4-8963-2C408F59159B}.Release|x86.Build.0 = Release|Win32
		{3B0AEBFB-5B0E-4D7E-A9A7-4ACB7F6A1AC3}.Debug|Any CPU.ActiveCfg = Debug|x86
		{3B0AEBFB-5B0E-4D7E-A9A7-4ACB7F6A1AC3}.Debug|x64.ActiveCfg = Debug|x64
		{3B0AEBFB-5B0E-4D7E-A9A7-4ACB7F6A1AC3}.Debug|x64.Build.0 = Debug|x64
		{3B0AEBFB-5B0E-4D7E-A9A7-4ACB7F6A1AC3}.Debug|x86.ActiveCfg = Debug|x86
		{3B0AEBFB-5B0E-4D7E-A9A7-4ACB7F6A1AC3}.Debug|x86.Build.0 = Debug|x86
		{3B0AEBFB-5B0E-4D7E-A9A7-4ACB7F6A1AC3}.Release|Any CPU.ActiveCfg = Release|x86
		{3B0AEBFB-5B0E-4D7E-A9A7-4ACB7F6A1AC3}.Release|x64.ActiveCfg = Release|x64
		{3B0AEBFB-5B0E-4D7E-A9A7-4ACB7F6A1AC3}.Release|x64.Build.0 = Release|x64
		{3B0AEBFB-5B0E-4D7E-A9A7-4ACB7F6A1AC3}.Release|x86.ActiveCfg = Release|x86
		{3B0AEBFB-5B0E-4D7E-A9A7-4ACB7F6A1AC3}.Release|x86.Build.0 = Release|x86
		{D7B622E6-A789-4BBB-B189-7C5A2E8FDF7C}.Debug|Any CPU.ActiveCfg = Debug|x86
		{D7B622E6-A789-4BBB-B189-7C5A2E8FDF7C}.Debug|x64.ActiveCfg = Debug|x64
		{D7B622E6-A789-4BBB-B189-7C5A2E8FDF7C}.Debug|x64.Build.0 = Debug|x64
		{D7B622E6-A789-4BBB-B189-7C5A2E8FDF7C}.Debug|x86.ActiveCfg = Debug|x86
		{D7B622E6-A789-4BBB-B189-7C5A2E8FDF7C}.Debug|x86.Build.0 = Debug|x86
		{D7B622E6-A789-4BBB-B189-7C5A2E8FDF7C}.Release|Any CPU.ActiveCfg = Release|x86
		{D7B622E6-A789-4BBB-B189-7C5A2E8FDF7C}.Release|x64.ActiveCfg = Release|x64
		{D7B622E6-A789-4BBB-B189-7C5A2E8FDF7C}.Release|x64.Build.0 = Release|x64
		{D7B622E6-A789-4BBB-B189-7C5A2E8FDF7C}.Release|x86.ActiveCfg = Release|x86
		{D7B622E6-A789-4BBB-B189-7C5A2E8FDF7C}.Release|x86.Build.0 = Release|x86
		{045C7E3F-F200-43FE-9F7D-FEA7695D2E5F}.Debug|Any CPU.ActiveCfg = Debug|x86
		{045C7E3F-F200-43FE-9F7D-FEA7695D2E5F}.Debug|x64.ActiveCfg = Debug|x64
		{045C7E3F-F200-43FE-9F7D-FEA7695D2E5F}.Debug|x64.Build.0 = Debug|x64
		{045C7E3F-F200-43FE-9F7D-FEA7695D2E5F}.Debug|x86.ActiveCfg = Debug|x86
		{045C7E3F-F200-43FE-9F7D-FEA7695D2E5F}.Debug|x86.Build.0 = Debug|x86
		{045C7E3F-F200-43FE-9F7D-FEA7695D2E5F}.Release|Any CPU.ActiveCfg = Release|x86
		{045C7E3F-F200-43FE-9F7D-FEA7695D2E5F}.Release|x64.ActiveCfg = Release|x64
		{045C7E3F-F200-43FE-9F7D-FEA7695D2E5F}.Release|x64.Build.0 = Release|x64
		{045C7E3F-F200-43FE-9F7D-FEA7695D2E5F}.Release|x86.ActiveCfg = Release|x86
		{045C7E3F-F200-43FE-9F7D-FEA7695D2E5F}.Release|x86.Build.0 = Release|x86
		{CFBE0FBA-4AFA-4F3C-8247-464463312CD9}.Debug|Any CPU.ActiveCfg = Debug|Any CPU
		{CFBE0FBA-4AFA-4F3C-8247-464463312CD9}.Debug|Any CPU.Build.0 = Debug|Any CPU
		{CFBE0FBA-4AFA-4F3C-8247-464463312CD9}.Debug|x64.ActiveCfg = Debug|Any CPU
		{CFBE0FBA-4AFA-4F3C-8247-464463312CD9}.Debug|x64.Build.0 = Debug|Any CPU
		{CFBE0FBA-4AFA-4F3C-8247-464463312CD9}.Debug|x86.ActiveCfg = Debug|Any CPU
		{CFBE0FBA-4AFA-4F3C-8247-464463312CD9}.Debug|x86.Build.0 = Debug|Any CPU
		{CFBE0FBA-4AFA-4F3C-8247-464463312CD9}.Release|Any CPU.ActiveCfg = Release|Any CPU
		{CFBE0FBA-4AFA-4F3C-8247-464463312CD9}.Release|Any CPU.Build.0 = Release|Any CPU
		{CFBE0FBA-4AFA-4F3C-8247-464463312CD9}.Release|x64.ActiveCfg = Release|Any CPU
		{CFBE0FBA-4AFA-4F3C-8247-464463312CD9}.Release|x64.Build.0 = Release|Any CPU
		{CFBE0FBA-4AFA-4F3C-8247-464463312CD9}.Release|x86.ActiveCfg = Release|Any CPU
		{CFBE0FBA-4AFA-4F3C-8247-464463312CD9}.Release|x86.Build.0 = Release|Any CPU
	EndGlobalSection
	GlobalSection(SolutionProperties) = preSolution
		HideSolutionNode = FALSE
	EndGlobalSection
	GlobalSection(NestedProjects) = preSolution
		{4C377D18-37F2-4CB9-B96F-75781D7B1772} = {7CBB90A0-0CBB-4380-AC6D-B9686CC17724}
	EndGlobalSection
	GlobalSection(ExtensibilityGlobals) = postSolution
		SolutionGuid = {F99F2617-FAC1-4436-B308-A5BD873BA453}
	EndGlobalSection
EndGlobal
