
Microsoft Visual Studio Solution File, Format Version 12.00
# Visual Studio Version 16
VisualStudioVersion = 16.0.29806.167
MinimumVisualStudioVersion = 10.0.40219.1
Project("{9A19103F-16F7-4668-BE54-9A1E7A4F7556}") = "Jacobi.Vst.Core", "Jacobi.Vst.Core\Jacobi.Vst.Core.csproj", "{907F0F43-1BB8-4259-BA0B-D9BCDF574B0C}"
EndProject
Project("{8BC9CEB8-8B4A-11D0-8D11-00A0C91BC942}") = "Jacobi.Vst.Interop", "Jacobi.Vst.Interop\Jacobi.Vst.Interop.vcxproj", "{D0F74CEF-3C71-4CD4-8963-2C408F59159B}"
EndProject
Project("{9A19103F-16F7-4668-BE54-9A1E7A4F7556}") = "Jacobi.Vst.Framework", "Jacobi.Vst.Framework\Jacobi.Vst.Framework.csproj", "{3B0AEBFB-5B0E-4D7E-A9A7-4ACB7F6A1AC3}"
EndProject
Project("{9A19103F-16F7-4668-BE54-9A1E7A4F7556}") = "Jacobi.Vst.UnitTest", "Jacobi.Vst.UnitTest\Jacobi.Vst.UnitTest.csproj", "{D7B622E6-A789-4BBB-B189-7C5A2E8FDF7C}"
EndProject
Project("{2150E333-8FDC-42A3-9474-1A3956D46DE8}") = "Solution Items", "Solution Items", "{78E1AA3A-44D0-4A1E-860A-0EF5048ED6F9}"
	ProjectSection(SolutionItems) = preProject
		readme..md = readme..md
	EndProjectSection
EndProject
Global
	GlobalSection(SolutionConfigurationPlatforms) = preSolution
		Debug|x64 = Debug|x64
		Debug|x86 = Debug|x86
		Release|x64 = Release|x64
		Release|x86 = Release|x86
	EndGlobalSection
	GlobalSection(ProjectConfigurationPlatforms) = postSolution
		{907F0F43-1BB8-4259-BA0B-D9BCDF574B0C}.Debug|x64.ActiveCfg = Debug|x64
		{907F0F43-1BB8-4259-BA0B-D9BCDF574B0C}.Debug|x64.Build.0 = Debug|x64
		{907F0F43-1BB8-4259-BA0B-D9BCDF574B0C}.Debug|x86.ActiveCfg = Debug|x86
		{907F0F43-1BB8-4259-BA0B-D9BCDF574B0C}.Debug|x86.Build.0 = Debug|x86
		{907F0F43-1BB8-4259-BA0B-D9BCDF574B0C}.Release|x64.ActiveCfg = Release|Any CPU
		{907F0F43-1BB8-4259-BA0B-D9BCDF574B0C}.Release|x64.Build.0 = Release|Any CPU
		{907F0F43-1BB8-4259-BA0B-D9BCDF574B0C}.Release|x86.ActiveCfg = Release|Any CPU
		{907F0F43-1BB8-4259-BA0B-D9BCDF574B0C}.Release|x86.Build.0 = Release|Any CPU
		{D0F74CEF-3C71-4CD4-8963-2C408F59159B}.Debug|x64.ActiveCfg = Debug|x64
		{D0F74CEF-3C71-4CD4-8963-2C408F59159B}.Debug|x64.Build.0 = Debug|x64
		{D0F74CEF-3C71-4CD4-8963-2C408F59159B}.Debug|x86.ActiveCfg = Debug|Win32
		{D0F74CEF-3C71-4CD4-8963-2C408F59159B}.Debug|x86.Build.0 = Debug|Win32
		{D0F74CEF-3C71-4CD4-8963-2C408F59159B}.Release|x64.ActiveCfg = Release|x64
		{D0F74CEF-3C71-4CD4-8963-2C408F59159B}.Release|x64.Build.0 = Release|x64
		{D0F74CEF-3C71-4CD4-8963-2C408F59159B}.Release|x86.ActiveCfg = Release|Win32
		{D0F74CEF-3C71-4CD4-8963-2C408F59159B}.Release|x86.Build.0 = Release|Win32
		{3B0AEBFB-5B0E-4D7E-A9A7-4ACB7F6A1AC3}.Debug|x64.ActiveCfg = Debug|x64
		{3B0AEBFB-5B0E-4D7E-A9A7-4ACB7F6A1AC3}.Debug|x64.Build.0 = Debug|x64
		{3B0AEBFB-5B0E-4D7E-A9A7-4ACB7F6A1AC3}.Debug|x86.ActiveCfg = Debug|x86
		{3B0AEBFB-5B0E-4D7E-A9A7-4ACB7F6A1AC3}.Debug|x86.Build.0 = Debug|x86
		{3B0AEBFB-5B0E-4D7E-A9A7-4ACB7F6A1AC3}.Release|x64.ActiveCfg = Release|Any CPU
		{3B0AEBFB-5B0E-4D7E-A9A7-4ACB7F6A1AC3}.Release|x64.Build.0 = Release|Any CPU
		{3B0AEBFB-5B0E-4D7E-A9A7-4ACB7F6A1AC3}.Release|x86.ActiveCfg = Release|Any CPU
		{3B0AEBFB-5B0E-4D7E-A9A7-4ACB7F6A1AC3}.Release|x86.Build.0 = Release|Any CPU
		{D7B622E6-A789-4BBB-B189-7C5A2E8FDF7C}.Debug|x64.ActiveCfg = Debug|x64
		{D7B622E6-A789-4BBB-B189-7C5A2E8FDF7C}.Debug|x64.Build.0 = Debug|x64
		{D7B622E6-A789-4BBB-B189-7C5A2E8FDF7C}.Debug|x86.ActiveCfg = Debug|x86
		{D7B622E6-A789-4BBB-B189-7C5A2E8FDF7C}.Debug|x86.Build.0 = Debug|x86
		{D7B622E6-A789-4BBB-B189-7C5A2E8FDF7C}.Release|x64.ActiveCfg = Release|Any CPU
		{D7B622E6-A789-4BBB-B189-7C5A2E8FDF7C}.Release|x64.Build.0 = Release|Any CPU
		{D7B622E6-A789-4BBB-B189-7C5A2E8FDF7C}.Release|x86.ActiveCfg = Release|Any CPU
		{D7B622E6-A789-4BBB-B189-7C5A2E8FDF7C}.Release|x86.Build.0 = Release|Any CPU
	EndGlobalSection
	GlobalSection(SolutionProperties) = preSolution
		HideSolutionNode = FALSE
	EndGlobalSection
	GlobalSection(ExtensibilityGlobals) = postSolution
		SolutionGuid = {F99F2617-FAC1-4436-B308-A5BD873BA453}
	EndGlobalSection
EndGlobal
