
Microsoft Visual Studio Solution File, Format Version 12.00
# Visual Studio Version 16
VisualStudioVersion = 16.0.30128.74
MinimumVisualStudioVersion = 10.0.40219.1
Project("{9A19103F-16F7-4668-BE54-9A1E7A4F7556}") = "VstNetAudioPlugin", "VstNetAudioPlugin\VstNetAudioPlugin.csproj", "{018BD11B-E0EF-475C-BDB0-2C1AD11D76E8}"
EndProject
Project("{9A19103F-16F7-4668-BE54-9A1E7A4F7556}") = "VstNetMidiPlugin", "VstNetMidiPlugin\VstNetMidiPlugin.csproj", "{B9564665-112B-4FAE-9267-96FE5344B22A}"
EndProject
Project("{2150E333-8FDC-42A3-9474-1A3956D46DE8}") = "Solution Items", "Solution Items", "{64E70FC8-2C43-4C78-A54F-F51C39379428}"
	ProjectSection(SolutionItems) = preProject
		readme.md = readme.md
	EndProjectSection
EndProject
Global
	GlobalSection(SolutionConfigurationPlatforms) = preSolution
		Debug|Any CPU = Debug|Any CPU
		Debug|x64 = Debug|x64
		Debug|x86 = Debug|x86
		Release|Any CPU = Release|Any CPU
		Release|x64 = Release|x64
		Release|x86 = Release|x86
	EndGlobalSection
	GlobalSection(ProjectConfigurationPlatforms) = postSolution
		{018BD11B-E0EF-475C-BDB0-2C1AD11D76E8}.Debug|Any CPU.ActiveCfg = Debug|x86
		{018BD11B-E0EF-475C-BDB0-2C1AD11D76E8}.Debug|x64.ActiveCfg = Debug|x64
		{018BD11B-E0EF-475C-BDB0-2C1AD11D76E8}.Debug|x64.Build.0 = Debug|x64
		{018BD11B-E0EF-475C-BDB0-2C1AD11D76E8}.Debug|x86.ActiveCfg = Debug|x86
		{018BD11B-E0EF-475C-BDB0-2C1AD11D76E8}.Debug|x86.Build.0 = Debug|x86
		{018BD11B-E0EF-475C-BDB0-2C1AD11D76E8}.Release|Any CPU.ActiveCfg = Release|x86
		{018BD11B-E0EF-475C-BDB0-2C1AD11D76E8}.Release|x64.ActiveCfg = Release|x64
		{018BD11B-E0EF-475C-BDB0-2C1AD11D76E8}.Release|x64.Build.0 = Release|x64
		{018BD11B-E0EF-475C-BDB0-2C1AD11D76E8}.Release|x86.ActiveCfg = Release|x86
		{018BD11B-E0EF-475C-BDB0-2C1AD11D76E8}.Release|x86.Build.0 = Release|x86
		{B9564665-112B-4FAE-9267-96FE5344B22A}.Debug|Any CPU.ActiveCfg = Debug|Any CPU
		{B9564665-112B-4FAE-9267-96FE5344B22A}.Debug|Any CPU.Build.0 = Debug|Any CPU
		{B9564665-112B-4FAE-9267-96FE5344B22A}.Debug|x64.ActiveCfg = Debug|x64
		{B9564665-112B-4FAE-9267-96FE5344B22A}.Debug|x64.Build.0 = Debug|x64
		{B9564665-112B-4FAE-9267-96FE5344B22A}.Debug|x86.ActiveCfg = Debug|x86
		{B9564665-112B-4FAE-9267-96FE5344B22A}.Debug|x86.Build.0 = Debug|x86
		{B9564665-112B-4FAE-9267-96FE5344B22A}.Release|Any CPU.ActiveCfg = Release|Any CPU
		{B9564665-112B-4FAE-9267-96FE5344B22A}.Release|Any CPU.Build.0 = Release|Any CPU
		{B9564665-112B-4FAE-9267-96FE5344B22A}.Release|x64.ActiveCfg = Release|x64
		{B9564665-112B-4FAE-9267-96FE5344B22A}.Release|x64.Build.0 = Release|x64
		{B9564665-112B-4FAE-9267-96FE5344B22A}.Release|x86.ActiveCfg = Release|x86
		{B9564665-112B-4FAE-9267-96FE5344B22A}.Release|x86.Build.0 = Release|x86
	EndGlobalSection
	GlobalSection(SolutionProperties) = preSolution
		HideSolutionNode = FALSE
	EndGlobalSection
	GlobalSection(ExtensibilityGlobals) = postSolution
		SolutionGuid = {9F83D6D4-2D9F-4927-8872-8895A27FF337}
	EndGlobalSection
EndGlobal
