
Microsoft Visual Studio Solution File, Format Version 10.00
# Visual Studio 2008
Project("{FAE04EC0-301F-11D3-BF4B-00C04F79EFBC}") = "VstNetAudioPlugin", "VstNetAudioPlugin\VstNetAudioPlugin.csproj", "{C465AC32-54E0-450C-9C24-FB6A50039AB0}"
EndProject
Project("{FAE04EC0-301F-11D3-BF4B-00C04F79EFBC}") = "VstNetMidiPlugin", "VstNetMidiPlugin\VstNetMidiPlugin.csproj", "{A3CF0E19-E753-4BC5-9EBD-B261267C151F}"
EndProject
Project("{FAE04EC0-301F-11D3-BF4B-00C04F79EFBC}") = "VstNetItemTemplates", "VstNetItemTemplates\VstNetItemTemplates.csproj", "{B5D16EFD-7119-43F8-9BE2-941863F59BAF}"
EndProject
Project("{2150E333-8FDC-42A3-9474-1A3956D46DE8}") = "Solution Items", "Solution Items", "{894B270B-70B2-4B56-AC76-AB32633B1660}"
	ProjectSection(SolutionItems) = preProject
		ReadMe.txt = ReadMe.txt
	EndProjectSection
EndProject
Global
	GlobalSection(TeamFoundationVersionControl) = preSolution
		SccNumberOfProjects = 4
		SccEnterpriseProvider = {4CA58AB2-18FA-4F8D-95D4-32DDF27D184C}
		SccTeamFoundationServer = https://tfs.codeplex.com/tfs/tfs06
		SccLocalPath0 = .
		SccProjectUniqueName1 = VstNetAudioPlugin\\VstNetAudioPlugin.csproj
		SccProjectName1 = VstNetAudioPlugin
		SccLocalPath1 = VstNetAudioPlugin
		SccProjectUniqueName2 = VstNetMidiPlugin\\VstNetMidiPlugin.csproj
		SccProjectName2 = VstNetMidiPlugin
		SccLocalPath2 = VstNetMidiPlugin
		SccProjectUniqueName3 = VstNetItemTemplates\\VstNetItemTemplates.csproj
		SccProjectName3 = VstNetItemTemplates
		SccLocalPath3 = VstNetItemTemplates
	EndGlobalSection
	GlobalSection(SolutionConfigurationPlatforms) = preSolution
		Debug|Any CPU = Debug|Any CPU
		Release|Any CPU = Release|Any CPU
	EndGlobalSection
	GlobalSection(ProjectConfigurationPlatforms) = postSolution
		{C465AC32-54E0-450C-9C24-FB6A50039AB0}.Debug|Any CPU.ActiveCfg = Debug|Any CPU
		{C465AC32-54E0-450C-9C24-FB6A50039AB0}.Debug|Any CPU.Build.0 = Debug|Any CPU
		{C465AC32-54E0-450C-9C24-FB6A50039AB0}.Release|Any CPU.ActiveCfg = Release|Any CPU
		{C465AC32-54E0-450C-9C24-FB6A50039AB0}.Release|Any CPU.Build.0 = Release|Any CPU
		{A3CF0E19-E753-4BC5-9EBD-B261267C151F}.Debug|Any CPU.ActiveCfg = Debug|Any CPU
		{A3CF0E19-E753-4BC5-9EBD-B261267C151F}.Debug|Any CPU.Build.0 = Debug|Any CPU
		{A3CF0E19-E753-4BC5-9EBD-B261267C151F}.Release|Any CPU.ActiveCfg = Release|Any CPU
		{A3CF0E19-E753-4BC5-9EBD-B261267C151F}.Release|Any CPU.Build.0 = Release|Any CPU
		{B5D16EFD-7119-43F8-9BE2-941863F59BAF}.Debug|Any CPU.ActiveCfg = Debug|Any CPU
		{B5D16EFD-7119-43F8-9BE2-941863F59BAF}.Debug|Any CPU.Build.0 = Debug|Any CPU
		{B5D16EFD-7119-43F8-9BE2-941863F59BAF}.Release|Any CPU.ActiveCfg = Release|Any CPU
		{B5D16EFD-7119-43F8-9BE2-941863F59BAF}.Release|Any CPU.Build.0 = Release|Any CPU
	EndGlobalSection
	GlobalSection(SolutionProperties) = preSolution
		HideSolutionNode = FALSE
	EndGlobalSection
EndGlobal
