<?xml version="1.0" encoding="utf-8"?>
<Project ToolsVersion="4.0" xmlns="http://schemas.microsoft.com/developer/msbuild/2003">
  <ItemGroup>
    <Filter Include="Source Files">
      <UniqueIdentifier>{4FC737F1-C7A5-4376-A066-2A32D752A2FF}</UniqueIdentifier>
      <Extensions>cpp;c;cc;cxx;def;odl;idl;hpj;bat;asm;asmx</Extensions>
    </Filter>
    <Filter Include="Header Files">
      <UniqueIdentifier>{93995380-89BD-4b04-88EB-625FBE52EBFB}</UniqueIdentifier>
      <Extensions>h;hpp;hxx;hm;inl;inc;xsd</Extensions>
    </Filter>
    <Filter Include="Resource Files">
      <UniqueIdentifier>{67DA6AB6-F800-4c08-8B7A-83BB121AAD01}</UniqueIdentifier>
      <Extensions>rc;ico;cur;bmp;dlg;rc2;rct;bin;rgs;gif;jpg;jpeg;jpe;resx;tiff;tif;png;wav</Extensions>
    </Filter>
    <Filter Include="_vst">
      <UniqueIdentifier>{ee2b2acd-f53d-4ee9-9257-24c21cd585b6}</UniqueIdentifier>
    </Filter>
    <Filter Include="Class Diagrams">
      <UniqueIdentifier>{5917d176-59f9-438f-be80-59c41314a18c}</UniqueIdentifier>
      <Extensions>cd</Extensions>
    </Filter>
  </ItemGroup>
  <ItemGroup>
    <ClCompile Include="Properties\AssemblyInfo.cpp">
      <Filter>Source Files</Filter>
    </ClCompile>
    <ClCompile Include="..\..\..\..\..\..\_AssemblyInfo\AssemblyInfo.General.cpp">
      <Filter>Source Files</Filter>
    </ClCompile>
    <ClCompile Include="..\AssemblyInfo.Version.cpp">
      <Filter>Source Files</Filter>
    </ClCompile>
    <ClCompile Include="Bootstrapper.cpp">
      <Filter>Source Files</Filter>
    </ClCompile>
    <ClCompile Include="Plugin\Configuration.cpp">
      <Filter>Source Files</Filter>
    </ClCompile>
    <ClCompile Include="dllmain.cpp">
      <Filter>Source Files</Filter>
    </ClCompile>
    <ClCompile Include="Plugin\HostCommandStub.cpp">
      <Filter>Source Files</Filter>
    </ClCompile>
    <ClCompile Include="Jacobi.Vst.Interop.cpp">
      <Filter>Source Files</Filter>
    </ClCompile>
    <ClCompile Include="MemoryTracker.cpp">
      <Filter>Source Files</Filter>
    </ClCompile>
    <ClCompile Include="Plugin\PluginCommandProxy.cpp">
      <Filter>Source Files</Filter>
    </ClCompile>
    <ClCompile Include="stdafx.cpp">
      <Filter>Source Files</Filter>
    </ClCompile>
    <ClCompile Include="Utils.cpp">
      <Filter>Source Files</Filter>
    </ClCompile>
    <ClCompile Include="Host\VstAudioBufferManager.cpp">
      <Filter>Source Files</Filter>
    </ClCompile>
    <ClCompile Include="Host\VstAudioPrecisionBufferManager.cpp">
      <Filter>Source Files</Filter>
    </ClCompile>
    <ClCompile Include="Host\VstHostCommandProxy.cpp">
      <Filter>Source Files</Filter>
    </ClCompile>
    <ClCompile Include="Host\VstManagedPluginContext.cpp">
      <Filter>Source Files</Filter>
    </ClCompile>
    <ClCompile Include="Host\VstPluginCommandStub.cpp">
      <Filter>Source Files</Filter>
    </ClCompile>
    <ClCompile Include="Host\VstPluginContext.cpp">
      <Filter>Source Files</Filter>
    </ClCompile>
    <ClCompile Include="Host\VstUnmanagedPluginContext.cpp">
      <Filter>Source Files</Filter>
    </ClCompile>
  </ItemGroup>
  <ItemGroup>
    <None Include="Jacobi.Vst.Interop.def">
      <Filter>Source Files</Filter>
    </None>
    <None Include="Class Diagrams\Jacobi.Vst.Interop.VstMain.cd">
      <Filter>Class Diagrams</Filter>
    </None>
    <None Include="Class Diagrams\Jacobi.Vst.Interop.VstMidi.cd">
      <Filter>Class Diagrams</Filter>
    </None>
    <None Include="Class Diagrams\Jacobi.Vst.Interop.VstOffline.cd">
      <Filter>Class Diagrams</Filter>
    </None>
    <None Include="Class Diagrams\Jacobi.Vst.Interop.VstParametersTimeInfo.cd">
      <Filter>Class Diagrams</Filter>
    </None>
    <None Include="Class Diagrams\Jacobi.Vst.Interop.VstPlugin.cd">
      <Filter>Class Diagrams</Filter>
    </None>
    <None Include="Class Diagrams\Jacobi.Vst.Interop.VstSpeakerArrangement.cd">
      <Filter>Class Diagrams</Filter>
    </None>
    <None Include="app.config" />
    <None Include="..\LocalTestRun.Clr4.testrunconfig" />
  </ItemGroup>
  <ItemGroup>
    <ClInclude Include="Bootstrapper.h">
      <Filter>Header Files</Filter>
    </ClInclude>
    <ClInclude Include="Plugin\Configuration.h">
      <Filter>Header Files</Filter>
    </ClInclude>
    <ClInclude Include="Plugin\HostCommandStub.h">
      <Filter>Header Files</Filter>
    </ClInclude>
    <ClInclude Include="MemoryTracker.h">
      <Filter>Header Files</Filter>
    </ClInclude>
    <ClInclude Include="Plugin\PluginCommandProxy.h">
      <Filter>Header Files</Filter>
    </ClInclude>
    <ClInclude Include="Properties\Resources.h">
      <Filter>Header Files</Filter>
    </ClInclude>
    <ClInclude Include="stdafx.h">
      <Filter>Header Files</Filter>
    </ClInclude>
    <ClInclude Include="Properties\targetver.h">
      <Filter>Header Files</Filter>
    </ClInclude>
    <ClInclude Include="TimeCriticalScope.h">
      <Filter>Header Files</Filter>
    </ClInclude>
    <ClInclude Include="TypeConverter.h">
      <Filter>Header Files</Filter>
    </ClInclude>
    <ClInclude Include="Host\UnmanagedArray.h">
      <Filter>Header Files</Filter>
    </ClInclude>
    <ClInclude Include="UnmanagedPointer.h">
      <Filter>Header Files</Filter>
    </ClInclude>
    <ClInclude Include="UnmanagedString.h">
      <Filter>Header Files</Filter>
    </ClInclude>
    <ClInclude Include="Utils.h">
      <Filter>Header Files</Filter>
    </ClInclude>
    <ClInclude Include="Host\VstAudioBufferManager.h">
      <Filter>Header Files</Filter>
    </ClInclude>
    <ClInclude Include="Host\VstAudioPrecisionBufferManager.h">
      <Filter>Header Files</Filter>
    </ClInclude>
    <ClInclude Include="Host\VstHostCommandProxy.h">
      <Filter>Header Files</Filter>
    </ClInclude>
    <ClInclude Include="Host\VstManagedPluginContext.h">
      <Filter>Header Files</Filter>
    </ClInclude>
    <ClInclude Include="Host\VstPluginCommandStub.h">
      <Filter>Header Files</Filter>
    </ClInclude>
    <ClInclude Include="Host\VstPluginContext.h">
      <Filter>Header Files</Filter>
    </ClInclude>
    <ClInclude Include="Host\VstUnmanagedPluginContext.h">
      <Filter>Header Files</Filter>
    </ClInclude>
    <ClInclude Include="_vst\aeffect.h">
      <Filter>_vst</Filter>
    </ClInclude>
    <ClInclude Include="_vst\aeffectx.h">
      <Filter>_vst</Filter>
    </ClInclude>
  </ItemGroup>
  <ItemGroup>
    <EmbeddedResource Include="Properties\Resources.resx">
      <Filter>Resource Files</Filter>
    </EmbeddedResource>
  </ItemGroup>
</Project>