<?xml version="1.0" encoding="utf-8"?>
<Project ToolsVersion="4.0" xmlns="http://schemas.microsoft.com/developer/msbuild/2003">
  <ItemGroup>
    <ClInclude Include="framework.h" />
    <ClInclude Include="pch.h" />
    <ClInclude Include="Plugin\HostCommandStub.h" />
    <ClInclude Include="Plugin\PluginCommandProxy.h" />
    <ClInclude Include="Properties\Resources.h" />
    <ClInclude Include="Bootstrapper.h" />
    <ClInclude Include="MemoryTracker.h" />
    <ClInclude Include="TimeCriticalScope.h" />
    <ClInclude Include="TypeConverter.h" />
    <ClInclude Include="UnmanagedString.h" />
    <ClInclude Include="Utils.h" />
    <ClInclude Include="Vst2400.h" />
    <ClInclude Include="Plugin\Configuration.h" />
  </ItemGroup>
  <ItemGroup>
    <ClCompile Include="pch.cpp" />
    <ClCompile Include="Plugin\HostCommandStub.cpp" />
    <ClCompile Include="Plugin\PluginCommandProxy.cpp" />
    <ClCompile Include="Properties\AssemblyInfo.cpp" />
    <ClCompile Include="Bootstrapper.cpp" />
    <ClCompile Include="MemoryTracker.cpp" />
    <ClCompile Include="Utils.cpp" />
    <ClCompile Include="Plugin\Configuration.cpp" />
    <ClCompile Include="Plugin\Jacobi.Vst.Interop.cpp" />
  </ItemGroup>
  <ItemGroup>
    <EmbeddedResource Include="Properties\Resources.resx" />
  </ItemGroup>
  <ItemGroup>
    <None Include="readme.md" />
    <None Include="Plugin\Jacobi.Vst.Interop.def" />
  </ItemGroup>
</Project>